// !$*UTF8*$!
{
	archiveVersion = 1;
	classes = {
	};
	objectVersion = 46;
	objects = {

/* Begin PBXBuildFile section */
		4723E3891CFFD57800F19D9C /* msViewController.swift in Sources */ = {isa = PBXBuildFile; fileRef = 4723E3881CFFD57800F19D9C /* msViewController.swift */; };
		4723E38B1D0005E900F19D9C /* cjViewController.swift in Sources */ = {isa = PBXBuildFile; fileRef = 4723E38A1D0005E900F19D9C /* cjViewController.swift */; };
		47F6F3261CE96BBA003D3A11 /* AppDelegate.swift in Sources */ = {isa = PBXBuildFile; fileRef = 47F6F3251CE96BBA003D3A11 /* AppDelegate.swift */; };
		47F6F3281CE96BBA003D3A11 /* ViewController.swift in Sources */ = {isa = PBXBuildFile; fileRef = 47F6F3271CE96BBA003D3A11 /* ViewController.swift */; };
		47F6F32B1CE96BBA003D3A11 /* Main.storyboard in Resources */ = {isa = PBXBuildFile; fileRef = 47F6F3291CE96BBA003D3A11 /* Main.storyboard */; };
		47F6F3301CE96BBA003D3A11 /* LaunchScreen.storyboard in Resources */ = {isa = PBXBuildFile; fileRef = 47F6F32E1CE96BBA003D3A11 /* LaunchScreen.storyboard */; };
		47F6F33A1CE9CC95003D3A11 /* internetConViewController.swift in Sources */ = {isa = PBXBuildFile; fileRef = 47F6F3391CE9CC95003D3A11 /* internetConViewController.swift */; };
		47F6F33C1CEB227E003D3A11 /* Images.xcassets in Resources */ = {isa = PBXBuildFile; fileRef = 47F6F33B1CEB227E003D3A11 /* Images.xcassets */; };
		47F6F33E1CEC481A003D3A11 /* newsRecord.swift in Sources */ = {isa = PBXBuildFile; fileRef = 47F6F33D1CEC481A003D3A11 /* newsRecord.swift */; };
		47F6F3401CEC4A1B003D3A11 /* newsOperations.swift in Sources */ = {isa = PBXBuildFile; fileRef = 47F6F33F1CEC4A1B003D3A11 /* newsOperations.swift */; };
		47F6F3421CEC4C08003D3A11 /* imageDownloader.swift in Sources */ = {isa = PBXBuildFile; fileRef = 47F6F3411CEC4C08003D3A11 /* imageDownloader.swift */; };
/* End PBXBuildFile section */

/* Begin PBXFileReference section */
		4723E3881CFFD57800F19D9C /* msViewController.swift */ = {isa = PBXFileReference; fileEncoding = 4; lastKnownFileType = sourcecode.swift; path = msViewController.swift; sourceTree = "<group>"; };
		4723E38A1D0005E900F19D9C /* cjViewController.swift */ = {isa = PBXFileReference; fileEncoding = 4; lastKnownFileType = sourcecode.swift; name = cjViewController.swift; path = ../cjViewController.swift; sourceTree = "<group>"; };
		47F6F3221CE96BBA003D3A11 /* 资讯.app */ = {isa = PBXFileReference; explicitFileType = wrapper.application; includeInIndex = 0; path = "资讯.app"; sourceTree = BUILT_PRODUCTS_DIR; };
		47F6F3251CE96BBA003D3A11 /* AppDelegate.swift */ = {isa = PBXFileReference; lastKnownFileType = sourcecode.swift; path = AppDelegate.swift; sourceTree = "<group>"; };
		47F6F3271CE96BBA003D3A11 /* ViewController.swift */ = {isa = PBXFileReference; lastKnownFileType = sourcecode.swift; path = ViewController.swift; sourceTree = "<group>"; };
		47F6F32A1CE96BBA003D3A11 /* Base */ = {isa = PBXFileReference; lastKnownFileType = file.storyboard; name = Base; path = Base.lproj/Main.storyboard; sourceTree = "<group>"; };
		47F6F32F1CE96BBA003D3A11 /* Base */ = {isa = PBXFileReference; lastKnownFileType = file.storyboard; name = Base; path = Base.lproj/LaunchScreen.storyboard; sourceTree = "<group>"; };
		47F6F3311CE96BBA003D3A11 /* Info.plist */ = {isa = PBXFileReference; lastKnownFileType = text.plist.xml; path = Info.plist; sourceTree = "<group>"; };
		47F6F3391CE9CC95003D3A11 /* internetConViewController.swift */ = {isa = PBXFileReference; fileEncoding = 4; lastKnownFileType = sourcecode.swift; path = internetConViewController.swift; sourceTree = "<group>"; };
		47F6F33B1CEB227E003D3A11 /* Images.xcassets */ = {isa = PBXFileReference; lastKnownFileType = folder.assetcatalog; path = Images.xcassets; sourceTree = "<group>"; };
		47F6F33D1CEC481A003D3A11 /* newsRecord.swift */ = {isa = PBXFileReference; fileEncoding = 4; lastKnownFileType = sourcecode.swift; path = newsRecord.swift; sourceTree = "<group>"; };
		47F6F33F1CEC4A1B003D3A11 /* newsOperations.swift */ = {isa = PBXFileReference; fileEncoding = 4; lastKnownFileType = sourcecode.swift; path = newsOperations.swift; sourceTree = "<group>"; };
		47F6F3411CEC4C08003D3A11 /* imageDownloader.swift */ = {isa = PBXFileReference; fileEncoding = 4; lastKnownFileType = sourcecode.swift; path = imageDownloader.swift; sourceTree = "<group>"; };
/* End PBXFileReference section */

/* Begin PBXFrameworksBuildPhase section */
		47F6F31F1CE96BBA003D3A11 /* Frameworks */ = {
			isa = PBXFrameworksBuildPhase;
			buildActionMask = 2147483647;
			files = (
			);
			runOnlyForDeploymentPostprocessing = 0;
		};
/* End PBXFrameworksBuildPhase section */

/* Begin PBXGroup section */
		47F6F3191CE96BBA003D3A11 = {
			isa = PBXGroup;
			children = (
				47F6F3241CE96BBA003D3A11 /* 资讯 */,
				47F6F3231CE96BBA003D3A11 /* Products */,
			);
			sourceTree = "<group>";
		};
		47F6F3231CE96BBA003D3A11 /* Products */ = {
			isa = PBXGroup;
			children = (
				47F6F3221CE96BBA003D3A11 /* 资讯.app */,
			);
			name = Products;
			sourceTree = "<group>";
		};
		47F6F3241CE96BBA003D3A11 /* 资讯 */ = {
			isa = PBXGroup;
			children = (
				47F6F3251CE96BBA003D3A11 /* AppDelegate.swift */,
				47F6F3271CE96BBA003D3A11 /* ViewController.swift */,
				47F6F3391CE9CC95003D3A11 /* internetConViewController.swift */,
				47F6F3291CE96BBA003D3A11 /* Main.storyboard */,
				4723E3881CFFD57800F19D9C /* msViewController.swift */,
				4723E38A1D0005E900F19D9C /* cjViewController.swift */,
				47F6F33D1CEC481A003D3A11 /* newsRecord.swift */,
				47F6F33F1CEC4A1B003D3A11 /* newsOperations.swift */,
				47F6F3411CEC4C08003D3A11 /* imageDownloader.swift */,
				47F6F32E1CE96BBA003D3A11 /* LaunchScreen.storyboard */,
				47F6F3311CE96BBA003D3A11 /* Info.plist */,
				47F6F33B1CEB227E003D3A11 /* Images.xcassets */,
			);
			path = "资讯";
			sourceTree = "<group>";
		};
/* End PBXGroup section */

/* Begin PBXNativeTarget section */
		47F6F3211CE96BBA003D3A11 /* 资讯 */ = {
			isa = PBXNativeTarget;
			buildConfigurationList = 47F6F3341CE96BBA003D3A11 /* Build configuration list for PBXNativeTarget "资讯" */;
			buildPhases = (
				47F6F31E1CE96BBA003D3A11 /* Sources */,
				47F6F31F1CE96BBA003D3A11 /* Frameworks */,
				47F6F3201CE96BBA003D3A11 /* Resources */,
			);
			buildRules = (
			);
			dependencies = (
			);
			name = "资讯";
			productName = "资讯";
			productReference = 47F6F3221CE96BBA003D3A11 /* 资讯.app */;
			productType = "com.apple.product-type.application";
		};
/* End PBXNativeTarget section */

/* Begin PBXProject section */
		47F6F31A1CE96BBA003D3A11 /* Project object */ = {
			isa = PBXProject;
			attributes = {
				LastUpgradeCheck = 0700;
				ORGANIZATIONNAME = dabin;
				TargetAttributes = {
					47F6F3211CE96BBA003D3A11 = {
						CreatedOnToolsVersion = 7.0;
						DevelopmentTeam = AB2U9PCB33;
					};
				};
			};
			buildConfigurationList = 47F6F31D1CE96BBA003D3A11 /* Build configuration list for PBXProject "资讯" */;
			compatibilityVersion = "Xcode 3.2";
			developmentRegion = English;
			hasScannedForEncodings = 0;
			knownRegions = (
				en,
				Base,
			);
			mainGroup = 47F6F3191CE96BBA003D3A11;
			productRefGroup = 47F6F3231CE96BBA003D3A11 /* Products */;
			projectDirPath = "";
			projectRoot = "";
			targets = (
				47F6F3211CE96BBA003D3A11 /* 资讯 */,
			);
		};
/* End PBXProject section */

/* Begin PBXResourcesBuildPhase section */
		47F6F3201CE96BBA003D3A11 /* Resources */ = {
			isa = PBXResourcesBuildPhase;
			buildActionMask = 2147483647;
			files = (
				47F6F33C1CEB227E003D3A11 /* Images.xcassets in Resources */,
				47F6F3301CE96BBA003D3A11 /* LaunchScreen.storyboard in Resources */,
				47F6F32B1CE96BBA003D3A11 /* Main.storyboard in Resources */,
			);
			runOnlyForDeploymentPostprocessing = 0;
		};
/* End PBXResourcesBuildPhase section */

/* Begin PBXSourcesBuildPhase section */
		47F6F31E1CE96BBA003D3A11 /* Sources */ = {
			isa = PBXSourcesBuildPhase;
			buildActionMask = 2147483647;
			files = (
				47F6F3421CEC4C08003D3A11 /* imageDownloader.swift in Sources */,
				47F6F3281CE96BBA003D3A11 /* ViewController.swift in Sources */,
				47F6F3261CE96BBA003D3A11 /* AppDelegate.swift in Sources */,
				47F6F33A1CE9CC95003D3A11 /* internetConViewController.swift in Sources */,
				4723E3891CFFD57800F19D9C /* msViewController.swift in Sources */,
				4723E38B1D0005E900F19D9C /* cjViewController.swift in Sources */,
				47F6F33E1CEC481A003D3A11 /* newsRecord.swift in Sources */,
				47F6F3401CEC4A1B003D3A11 /* newsOperations.swift in Sources */,
			);
			runOnlyForDeploymentPostprocessing = 0;
		};
/* End PBXSourcesBuildPhase section */

/* Begin PBXVariantGroup section */
		47F6F3291CE96BBA003D3A11 /* Main.storyboard */ = {
			isa = PBXVariantGroup;
			children = (
				47F6F32A1CE96BBA003D3A11 /* Base */,
			);
			name = Main.storyboard;
			sourceTree = "<group>";
		};
		47F6F32E1CE96BBA003D3A11 /* LaunchScreen.storyboard */ = {
			isa = PBXVariantGroup;
			children = (
				47F6F32F1CE96BBA003D3A11 /* Base */,
			);
			name = LaunchScreen.storyboard;
			sourceTree = "<group>";
		};
/* End PBXVariantGroup section */

/* Begin XCBuildConfiguration section */
		47F6F3321CE96BBA003D3A11 /* Debug */ = {
			isa = XCBuildConfiguration;
			buildSettings = {
				ALWAYS_SEARCH_USER_PATHS = NO;
				CLANG_CXX_LANGUAGE_STANDARD = "gnu++0x";
				CLANG_CXX_LIBRARY = "libc++";
				CLANG_ENABLE_MODULES = YES;
				CLANG_ENABLE_OBJC_ARC = YES;
				CLANG_WARN_BOOL_CONVERSION = YES;
				CLANG_WARN_CONSTANT_CONVERSION = YES;
				CLANG_WARN_DIRECT_OBJC_ISA_USAGE = YES_ERROR;
				CLANG_WARN_EMPTY_BODY = YES;
				CLANG_WARN_ENUM_CONVERSION = YES;
				CLANG_WARN_INT_CONVERSION = YES;
				CLANG_WARN_OBJC_ROOT_CLASS = YES_ERROR;
				CLANG_WARN_UNREACHABLE_CODE = YES;
				CLANG_WARN__DUPLICATE_METHOD_MATCH = YES;
				"CODE_SIGN_IDENTITY[sdk=iphoneos*]" = "iPhone Developer";
				COPY_PHASE_STRIP = NO;
				DEBUG_INFORMATION_FORMAT = dwarf;
				ENABLE_STRICT_OBJC_MSGSEND = YES;
				ENABLE_TESTABILITY = YES;
				GCC_C_LANGUAGE_STANDARD = gnu99;
				GCC_DYNAMIC_NO_PIC = NO;
				GCC_NO_COMMON_BLOCKS = YES;
				GCC_OPTIMIZATION_LEVEL = 0;
				GCC_PREPROCESSOR_DEFINITIONS = (
					"DEBUG=1",
					"$(inherited)",
				);
				GCC_WARN_64_TO_32_BIT_CONVERSION = YES;
				GCC_WARN_ABOUT_RETURN_TYPE = YES_ERROR;
				GCC_WARN_UNDECLARED_SELECTOR = YES;
				GCC_WARN_UNINITIALIZED_AUTOS = YES_AGGRESSIVE;
				GCC_WARN_UNUSED_FUNCTION = YES;
				GCC_WARN_UNUSED_VARIABLE = YES;
				IPHONEOS_DEPLOYMENT_TARGET = 9.0;
				MTL_ENABLE_DEBUG_INFO = YES;
				ONLY_ACTIVE_ARCH = YES;
				SDKROOT = iphoneos;
				SWIFT_OPTIMIZATION_LEVEL = "-Onone";
			};
			name = Debug;
		};
		47F6F3331CE96BBA003D3A11 /* Release */ = {
			isa = XCBuildConfiguration;
			buildSettings = {
				ALWAYS_SEARCH_USER_PATHS = NO;
				CLANG_CXX_LANGUAGE_STANDARD = "gnu++0x";
				CLANG_CXX_LIBRARY = "libc++";
				CLANG_ENABLE_MODULES = YES;
				CLANG_ENABLE_OBJC_ARC = YES;
				CLANG_WARN_BOOL_CONVERSION = YES;
				CLANG_WARN_CONSTANT_CONVERSION = YES;
				CLANG_WARN_DIRECT_OBJC_ISA_USAGE = YES_ERROR;
				CLANG_WARN_EMPTY_BODY = YES;
				CLANG_WARN_ENUM_CONVERSION = YES;
				CLANG_WARN_INT_CONVERSION = YES;
				CLANG_WARN_OBJC_ROOT_CLASS = YES_ERROR;
				CLANG_WARN_UNREACHABLE_CODE = YES;
				CLANG_WARN__DUPLICATE_METHOD_MATCH = YES;
				"CODE_SIGN_IDENTITY[sdk=iphoneos*]" = "iPhone Developer";
				COPY_PHASE_STRIP = NO;
				DEBUG_INFORMATION_FORMAT = "dwarf-with-dsym";
				ENABLE_NS_ASSERTIONS = NO;
				ENABLE_STRICT_OBJC_MSGSEND = YES;
				GCC_C_LANGUAGE_STANDARD = gnu99;
				GCC_NO_COMMON_BLOCKS = YES;
				GCC_WARN_64_TO_32_BIT_CONVERSION = YES;
				GCC_WARN_ABOUT_RETURN_TYPE = YES_ERROR;
				GCC_WARN_UNDECLARED_SELECTOR = YES;
				GCC_WARN_UNINITIALIZED_AUTOS = YES_AGGRESSIVE;
				GCC_WARN_UNUSED_FUNCTION = YES;
				GCC_WARN_UNUSED_VARIABLE = YES;
				IPHONEOS_DEPLOYMENT_TARGET = 9.0;
				MTL_ENABLE_DEBUG_INFO = NO;
				SDKROOT = iphoneos;
				VALIDATE_PRODUCT = YES;
			};
			name = Release;
		};
		47F6F3351CE96BBA003D3A11 /* Debug */ = {
			isa = XCBuildConfiguration;
			buildSettings = {
				ASSETCATALOG_COMPILER_APPICON_NAME = AppIcon;
				ASSETCATALOG_COMPILER_LAUNCHIMAGE_NAME = LaunchImage;
				CODE_SIGN_IDENTITY = "iPhone Developer";
				INFOPLIST_FILE = "资讯/Info.plist";
				LD_RUNPATH_SEARCH_PATHS = "$(inherited) @executable_path/Frameworks";
				PRODUCT_BUNDLE_IDENTIFIER = dabin.com.dyqfcl;
				PRODUCT_NAME = "$(TARGET_NAME)";
			};
			name = Debug;
		};
		47F6F3361CE96BBA003D3A11 /* Release */ = {
			isa = XCBuildConfiguration;
			buildSettings = {
				ASSETCATALOG_COMPILER_APPICON_NAME = AppIcon;
				ASSETCATALOG_COMPILER_LAUNCHIMAGE_NAME = LaunchImage;
				CODE_SIGN_IDENTITY = "iPhone Developer";
				INFOPLIST_FILE = "资讯/Info.plist";
				LD_RUNPATH_SEARCH_PATHS = "$(inherited) @executable_path/Frameworks";
				PRODUCT_BUNDLE_IDENTIFIER = dabin.com.dyqfcl;
				PRODUCT_NAME = "$(TARGET_NAME)";
			};
			name = Release;
		};
/* End XCBuildConfiguration section */

/* Begin XCConfigurationList section */
		47F6F31D1CE96BBA003D3A11 /* Build configuration list for PBXProject "资讯" */ = {
			isa = XCConfigurationList;
			buildConfigurations = (
				47F6F3321CE96BBA003D3A11 /* Debug */,
				47F6F3331CE96BBA003D3A11 /* Release */,
			);
			defaultConfigurationIsVisible = 0;
			defaultConfigurationName = Release;
		};
		47F6F3341CE96BBA003D3A11 /* Build configuration list for PBXNativeTarget "资讯" */ = {
			isa = XCConfigurationList;
			buildConfigurations = (
				47F6F3351CE96BBA003D3A11 /* Debug */,
				47F6F3361CE96BBA003D3A11 /* Release */,
			);
			defaultConfigurationIsVisible = 0;
			defaultConfigurationName = Release;
		};
/* End XCConfigurationList section */
	};
	rootObject = 47F6F31A1CE96BBA003D3A11 /* Project object */;
}
